# THIS IS AN AUTOGENERATED FILE. DO NOT EDIT THIS FILE DIRECTLY.
# yarn lockfile v1


"@types/node@^8.0.57":
  version "8.0.57"
  resolved "https://registry.yarnpkg.com/@types/node/-/node-8.0.57.tgz#e5d8b4dc112763e35cfc51988f4f38da3c486d99"

core-js@^2.5.1:
  version "2.5.1"
  resolved "https://registry.yarnpkg.com/core-js/-/core-js-2.5.1.tgz#ae6874dc66937789b80754ff5428df66819ca50b"
